
Microsoft Visual Studio Solution File, Format Version 12.00
# Visual Studio 15
VisualStudioVersion = 15.0.28307.168
MinimumVisualStudioVersion = 10.0.40219.1
Project("{FAE04EC0-301F-11D3-BF4B-00C04F79EFBC}") = "CjoSurveyApp", "CjoSurveyAppCore\CjoSurveyApp.csproj", "{6032F4B6-66B9-47FF-A152-5C881CAE539D}"
EndProject
Project("{FAE04EC0-301F-11D3-BF4B-00C04F79EFBC}") = "SurveyAppTest", "SurveyAppTest\SurveyAppTest.csproj", "{D4A7F8F8-C559-4DCA-9014-CFC3DDD5EFC8}"
EndProject
Global
	GlobalSection(SolutionConfigurationPlatforms) = preSolution
		Debug|Any CPU = Debug|Any CPU
		Release|Any CPU = Release|Any CPU
	EndGlobalSection
	GlobalSection(ProjectConfigurationPlatforms) = postSolution
		{6032F4B6-66B9-47FF-A152-5C881CAE539D}.Debug|Any CPU.ActiveCfg = Debug|Any CPU
		{6032F4B6-66B9-47FF-A152-5C881CAE539D}.Debug|Any CPU.Build.0 = Debug|Any CPU
		{6032F4B6-66B9-47FF-A152-5C881CAE539D}.Release|Any CPU.ActiveCfg = Release|Any CPU
		{6032F4B6-66B9-47FF-A152-5C881CAE539D}.Release|Any CPU.Build.0 = Release|Any CPU
		{D4A7F8F8-C559-4DCA-9014-CFC3DDD5EFC8}.Debug|Any CPU.ActiveCfg = Debug|Any CPU
		{D4A7F8F8-C559-4DCA-9014-CFC3DDD5EFC8}.Debug|Any CPU.Build.0 = Debug|Any CPU
		{D4A7F8F8-C559-4DCA-9014-CFC3DDD5EFC8}.Release|Any CPU.ActiveCfg = Release|Any CPU
		{D4A7F8F8-C559-4DCA-9014-CFC3DDD5EFC8}.Release|Any CPU.Build.0 = Release|Any CPU
	EndGlobalSection
	GlobalSection(SolutionProperties) = preSolution
		HideSolutionNode = FALSE
	EndGlobalSection
	GlobalSection(ExtensibilityGlobals) = postSolution
		SolutionGuid = {A0CED477-4165-40CA-AFDF-71AD978E689E}
	EndGlobalSection
EndGlobal
